
Microsoft Visual Studio Solution File, Format Version 12.00
# Visual Studio Version 16
VisualStudioVersion = 16.0.32901.82
MinimumVisualStudioVersion = 10.0.40219.1
Project("{FAE04EC0-301F-11D3-BF4B-00C04F79EFBC}") = "RegistrWindowForBoomBank", "RegistrWindowForBoomBank\RegistrWindowForBoomBank.csproj", "{80A8136F-8084-430D-B957-B5C119E787CC}"
EndProject
Global
	GlobalSection(SolutionConfigurationPlatforms) = preSolution
		Debug|Any CPU = Debug|Any CPU
		Release|Any CPU = Release|Any CPU
	EndGlobalSection
	GlobalSection(ProjectConfigurationPlatforms) = postSolution
		{80A8136F-8084-430D-B957-B5C119E787CC}.Debug|Any CPU.ActiveCfg = Debug|Any CPU
		{80A8136F-8084-430D-B957-B5C119E787CC}.Debug|Any CPU.Build.0 = Debug|Any CPU
		{80A8136F-8084-430D-B957-B5C119E787CC}.Release|Any CPU.ActiveCfg = Release|Any CPU
		{80A8136F-8084-430D-B957-B5C119E787CC}.Release|Any CPU.Build.0 = Release|Any CPU
	EndGlobalSection
	GlobalSection(SolutionProperties) = preSolution
		HideSolutionNode = FALSE
	EndGlobalSection
	GlobalSection(ExtensibilityGlobals) = postSolution
		SolutionGuid = {A8BE5552-E940-47CE-A906-48AB5362E220}
	EndGlobalSection
EndGlobal
